// !$*UTF8*$!
{
	archiveVersion = 1;
	classes = {
	};
	objectVersion = 56;
	objects = {

/* Begin PBXBuildFile section */
		51CCE8B8299ADDB800E10367 /* NgonarRoutingApp.swift in Sources */ = {isa = PBXBuildFile; fileRef = 51CCE8B7299ADDB800E10367 /* NgonarRoutingApp.swift */; };
		51CCE8BA299ADDB800E10367 /* ContentView.swift in Sources */ = {isa = PBXBuildFile; fileRef = 51CCE8B9299ADDB800E10367 /* ContentView.swift */; };
		51CCE8BC299ADDBA00E10367 /* Assets.xcassets in Resources */ = {isa = PBXBuildFile; fileRef = 51CCE8BB299ADDBA00E10367 /* Assets.xcassets */; };
		51CCE8BF299ADDBA00E10367 /* Preview Assets.xcassets in Resources */ = {isa = PBXBuildFile; fileRef = 51CCE8BE299ADDBA00E10367 /* Preview Assets.xcassets */; };
		51CCE8C6299ADF9400E10367 /* Routing.swift in Sources */ = {isa = PBXBuildFile; fileRef = 51CCE8C5299ADF9400E10367 /* Routing.swift */; };
		51CCE8C8299AE06500E10367 /* View1.swift in Sources */ = {isa = PBXBuildFile; fileRef = 51CCE8C7299AE06500E10367 /* View1.swift */; };
		51CCE8CA299AE08300E10367 /* View2.swift in Sources */ = {isa = PBXBuildFile; fileRef = 51CCE8C9299AE08300E10367 /* View2.swift */; };
		51CCE8CD299AE0CC00E10367 /* Menu.swift in Sources */ = {isa = PBXBuildFile; fileRef = 51CCE8CC299AE0CC00E10367 /* Menu.swift */; };
		51CCE8D0299AE13300E10367 /* APIFetcher.swift in Sources */ = {isa = PBXBuildFile; fileRef = 51CCE8CF299AE13300E10367 /* APIFetcher.swift */; };
		51CCE8D2299AE1CD00E10367 /* UserData.swift in Sources */ = {isa = PBXBuildFile; fileRef = 51CCE8D1299AE1CD00E10367 /* UserData.swift */; };
/* End PBXBuildFile section */

/* Begin PBXFileReference section */
		51CCE8B4299ADDB800E10367 /* NgonarRouting.app */ = {isa = PBXFileReference; explicitFileType = wrapper.application; includeInIndex = 0; path = NgonarRouting.app; sourceTree = BUILT_PRODUCTS_DIR; };
		51CCE8B7299ADDB800E10367 /* NgonarRoutingApp.swift */ = {isa = PBXFileReference; lastKnownFileType = sourcecode.swift; path = NgonarRoutingApp.swift; sourceTree = "<group>"; };
		51CCE8B9299ADDB800E10367 /* ContentView.swift */ = {isa = PBXFileReference; lastKnownFileType = sourcecode.swift; path = ContentView.swift; sourceTree = "<group>"; };
		51CCE8BB299ADDBA00E10367 /* Assets.xcassets */ = {isa = PBXFileReference; lastKnownFileType = folder.assetcatalog; path = Assets.xcassets; sourceTree = "<group>"; };
		51CCE8BE299ADDBA00E10367 /* Preview Assets.xcassets */ = {isa = PBXFileReference; lastKnownFileType = folder.assetcatalog; path = "Preview Assets.xcassets"; sourceTree = "<group>"; };
		51CCE8C5299ADF9400E10367 /* Routing.swift */ = {isa = PBXFileReference; lastKnownFileType = sourcecode.swift; path = Routing.swift; sourceTree = "<group>"; };
		51CCE8C7299AE06500E10367 /* View1.swift */ = {isa = PBXFileReference; lastKnownFileType = sourcecode.swift; path = View1.swift; sourceTree = "<group>"; };
		51CCE8C9299AE08300E10367 /* View2.swift */ = {isa = PBXFileReference; lastKnownFileType = sourcecode.swift; path = View2.swift; sourceTree = "<group>"; };
		51CCE8CC299AE0CC00E10367 /* Menu.swift */ = {isa = PBXFileReference; lastKnownFileType = sourcecode.swift; path = Menu.swift; sourceTree = "<group>"; };
		51CCE8CF299AE13300E10367 /* APIFetcher.swift */ = {isa = PBXFileReference; lastKnownFileType = sourcecode.swift; path = APIFetcher.swift; sourceTree = "<group>"; };
		51CCE8D1299AE1CD00E10367 /* UserData.swift */ = {isa = PBXFileReference; lastKnownFileType = sourcecode.swift; path = UserData.swift; sourceTree = "<group>"; };
		51CCE8D3299AE49C00E10367 /* Info.plist */ = {isa = PBXFileReference; lastKnownFileType = text.plist; path = Info.plist; sourceTree = "<group>"; };
/* End PBXFileReference section */

/* Begin PBXFrameworksBuildPhase section */
		51CCE8B1299ADDB800E10367 /* Frameworks */ = {
			isa = PBXFrameworksBuildPhase;
			buildActionMask = 2147483647;
			files = (
			);
			runOnlyForDeploymentPostprocessing = 0;
		};
/* End PBXFrameworksBuildPhase section */

/* Begin PBXGroup section */
		51CCE8AB299ADDB800E10367 = {
			isa = PBXGroup;
			children = (
				51CCE8B6299ADDB800E10367 /* NgonarRouting */,
				51CCE8B5299ADDB800E10367 /* Products */,
			);
			sourceTree = "<group>";
		};
		51CCE8B5299ADDB800E10367 /* Products */ = {
			isa = PBXGroup;
			children = (
				51CCE8B4299ADDB800E10367 /* NgonarRouting.app */,
			);
			name = Products;
			sourceTree = "<group>";
		};
		51CCE8B6299ADDB800E10367 /* NgonarRouting */ = {
			isa = PBXGroup;
			children = (
				51CCE8D3299AE49C00E10367 /* Info.plist */,
				51CCE8CE299AE0EA00E10367 /* API */,
				51CCE8CB299AE0BE00E10367 /* Model */,
				51CCE8B7299ADDB800E10367 /* NgonarRoutingApp.swift */,
				51CCE8B9299ADDB800E10367 /* ContentView.swift */,
				51CCE8BB299ADDBA00E10367 /* Assets.xcassets */,
				51CCE8BD299ADDBA00E10367 /* Preview Content */,
				51CCE8C5299ADF9400E10367 /* Routing.swift */,
				51CCE8C7299AE06500E10367 /* View1.swift */,
				51CCE8C9299AE08300E10367 /* View2.swift */,
			);
			path = NgonarRouting;
			sourceTree = "<group>";
		};
		51CCE8BD299ADDBA00E10367 /* Preview Content */ = {
			isa = PBXGroup;
			children = (
				51CCE8BE299ADDBA00E10367 /* Preview Assets.xcassets */,
			);
			path = "Preview Content";
			sourceTree = "<group>";
		};
		51CCE8CB299AE0BE00E10367 /* Model */ = {
			isa = PBXGroup;
			children = (
				51CCE8CC299AE0CC00E10367 /* Menu.swift */,
				51CCE8D1299AE1CD00E10367 /* UserData.swift */,
			);
			path = Model;
			sourceTree = "<group>";
		};
		51CCE8CE299AE0EA00E10367 /* API */ = {
			isa = PBXGroup;
			children = (
				51CCE8CF299AE13300E10367 /* APIFetcher.swift */,
			);
			path = API;
			sourceTree = "<group>";
		};
/* End PBXGroup section */

/* Begin PBXNativeTarget section */
		51CCE8B3299ADDB800E10367 /* NgonarRouting */ = {
			isa = PBXNativeTarget;
			buildConfigurationList = 51CCE8C2299ADDBA00E10367 /* Build configuration list for PBXNativeTarget "NgonarRouting" */;
			buildPhases = (
				51CCE8B0299ADDB800E10367 /* Sources */,
				51CCE8B1299ADDB800E10367 /* Frameworks */,
				51CCE8B2299ADDB800E10367 /* Resources */,
			);
			buildRules = (
			);
			dependencies = (
			);
			name = NgonarRouting;
			productName = NgonarRouting;
			productReference = 51CCE8B4299ADDB800E10367 /* NgonarRouting.app */;
			productType = "com.apple.product-type.application";
		};
/* End PBXNativeTarget section */

/* Begin PBXProject section */
		51CCE8AC299ADDB800E10367 /* Project object */ = {
			isa = PBXProject;
			attributes = {
				BuildIndependentTargetsInParallel = 1;
				LastSwiftUpdateCheck = 1420;
				LastUpgradeCheck = 1420;
				TargetAttributes = {
					51CCE8B3299ADDB800E10367 = {
						CreatedOnToolsVersion = 14.2;
					};
				};
			};
			buildConfigurationList = 51CCE8AF299ADDB800E10367 /* Build configuration list for PBXProject "NgonarRouting" */;
			compatibilityVersion = "Xcode 14.0";
			developmentRegion = en;
			hasScannedForEncodings = 0;
			knownRegions = (
				en,
				Base,
			);
			mainGroup = 51CCE8AB299ADDB800E10367;
			productRefGroup = 51CCE8B5299ADDB800E10367 /* Products */;
			projectDirPath = "";
			projectRoot = "";
			targets = (
				51CCE8B3299ADDB800E10367 /* NgonarRouting */,
			);
		};
/* End PBXProject section */

/* Begin PBXResourcesBuildPhase section */
		51CCE8B2299ADDB800E10367 /* Resources */ = {
			isa = PBXResourcesBuildPhase;
			buildActionMask = 2147483647;
			files = (
				51CCE8BF299ADDBA00E10367 /* Preview Assets.xcassets in Resources */,
				51CCE8BC299ADDBA00E10367 /* Assets.xcassets in Resources */,
			);
			runOnlyForDeploymentPostprocessing = 0;
		};
/* End PBXResourcesBuildPhase section */

/* Begin PBXSourcesBuildPhase section */
		51CCE8B0299ADDB800E10367 /* Sources */ = {
			isa = PBXSourcesBuildPhase;
			buildActionMask = 2147483647;
			files = (
				51CCE8D0299AE13300E10367 /* APIFetcher.swift in Sources */,
				51CCE8CD299AE0CC00E10367 /* Menu.swift in Sources */,
				51CCE8D2299AE1CD00E10367 /* UserData.swift in Sources */,
				51CCE8CA299AE08300E10367 /* View2.swift in Sources */,
				51CCE8C6299ADF9400E10367 /* Routing.swift in Sources */,
				51CCE8BA299ADDB800E10367 /* ContentView.swift in Sources */,
				51CCE8C8299AE06500E10367 /* View1.swift in Sources */,
				51CCE8B8299ADDB800E10367 /* NgonarRoutingApp.swift in Sources */,
			);
			runOnlyForDeploymentPostprocessing = 0;
		};
/* End PBXSourcesBuildPhase section */

/* Begin XCBuildConfiguration section */
		51CCE8C0299ADDBA00E10367 /* Debug */ = {
			isa = XCBuildConfiguration;
			buildSettings = {
				ALWAYS_SEARCH_USER_PATHS = NO;
				CLANG_ANALYZER_NONNULL = YES;
				CLANG_ANALYZER_NUMBER_OBJECT_CONVERSION = YES_AGGRESSIVE;
				CLANG_CXX_LANGUAGE_STANDARD = "gnu++20";
				CLANG_ENABLE_MODULES = YES;
				CLANG_ENABLE_OBJC_ARC = YES;
				CLANG_ENABLE_OBJC_WEAK = YES;
				CLANG_WARN_BLOCK_CAPTURE_AUTORELEASING = YES;
				CLANG_WARN_BOOL_CONVERSION = YES;
				CLANG_WARN_COMMA = YES;
				CLANG_WARN_CONSTANT_CONVERSION = YES;
				CLANG_WARN_DEPRECATED_OBJC_IMPLEMENTATIONS = YES;
				CLANG_WARN_DIRECT_OBJC_ISA_USAGE = YES_ERROR;
				CLANG_WARN_DOCUMENTATION_COMMENTS = YES;
				CLANG_WARN_EMPTY_BODY = YES;
				CLANG_WARN_ENUM_CONVERSION = YES;
				CLANG_WARN_INFINITE_RECURSION = YES;
				CLANG_WARN_INT_CONVERSION = YES;
				CLANG_WARN_NON_LITERAL_NULL_CONVERSION = YES;
				CLANG_WARN_OBJC_IMPLICIT_RETAIN_SELF = YES;
				CLANG_WARN_OBJC_LITERAL_CONVERSION = YES;
				CLANG_WARN_OBJC_ROOT_CLASS = YES_ERROR;
				CLANG_WARN_QUOTED_INCLUDE_IN_FRAMEWORK_HEADER = YES;
				CLANG_WARN_RANGE_LOOP_ANALYSIS = YES;
				CLANG_WARN_STRICT_PROTOTYPES = YES;
				CLANG_WARN_SUSPICIOUS_MOVE = YES;
				CLANG_WARN_UNGUARDED_AVAILABILITY = YES_AGGRESSIVE;
				CLANG_WARN_UNREACHABLE_CODE = YES;
				CLANG_WARN__DUPLICATE_METHOD_MATCH = YES;
				COPY_PHASE_STRIP = NO;
				DEBUG_INFORMATION_FORMAT = dwarf;
				ENABLE_STRICT_OBJC_MSGSEND = YES;
				ENABLE_TESTABILITY = YES;
				GCC_C_LANGUAGE_STANDARD = gnu11;
				GCC_DYNAMIC_NO_PIC = NO;
				GCC_NO_COMMON_BLOCKS = YES;
				GCC_OPTIMIZATION_LEVEL = 0;
				GCC_PREPROCESSOR_DEFINITIONS = (
					"DEBUG=1",
					"$(inherited)",
				);
				GCC_WARN_64_TO_32_BIT_CONVERSION = YES;
				GCC_WARN_ABOUT_RETURN_TYPE = YES_ERROR;
				GCC_WARN_UNDECLARED_SELECTOR = YES;
				GCC_WARN_UNINITIALIZED_AUTOS = YES_AGGRESSIVE;
				GCC_WARN_UNUSED_FUNCTION = YES;
				GCC_WARN_UNUSED_VARIABLE = YES;
				IPHONEOS_DEPLOYMENT_TARGET = 16.2;
				MTL_ENABLE_DEBUG_INFO = INCLUDE_SOURCE;
				MTL_FAST_MATH = YES;
				ONLY_ACTIVE_ARCH = YES;
				SDKROOT = iphoneos;
				SWIFT_ACTIVE_COMPILATION_CONDITIONS = DEBUG;
				SWIFT_OPTIMIZATION_LEVEL = "-Onone";
			};
			name = Debug;
		};
		51CCE8C1299ADDBA00E10367 /* Release */ = {
			isa = XCBuildConfiguration;
			buildSettings = {
				ALWAYS_SEARCH_USER_PATHS = NO;
				CLANG_ANALYZER_NONNULL = YES;
				CLANG_ANALYZER_NUMBER_OBJECT_CONVERSION = YES_AGGRESSIVE;
				CLANG_CXX_LANGUAGE_STANDARD = "gnu++20";
				CLANG_ENABLE_MODULES = YES;
				CLANG_ENABLE_OBJC_ARC = YES;
				CLANG_ENABLE_OBJC_WEAK = YES;
				CLANG_WARN_BLOCK_CAPTURE_AUTORELEASING = YES;
				CLANG_WARN_BOOL_CONVERSION = YES;
				CLANG_WARN_COMMA = YES;
				CLANG_WARN_CONSTANT_CONVERSION = YES;
				CLANG_WARN_DEPRECATED_OBJC_IMPLEMENTATIONS = YES;
				CLANG_WARN_DIRECT_OBJC_ISA_USAGE = YES_ERROR;
				CLANG_WARN_DOCUMENTATION_COMMENTS = YES;
				CLANG_WARN_EMPTY_BODY = YES;
				CLANG_WARN_ENUM_CONVERSION = YES;
				CLANG_WARN_INFINITE_RECURSION = YES;
				CLANG_WARN_INT_CONVERSION = YES;
				CLANG_WARN_NON_LITERAL_NULL_CONVERSION = YES;
				CLANG_WARN_OBJC_IMPLICIT_RETAIN_SELF = YES;
				CLANG_WARN_OBJC_LITERAL_CONVERSION = YES;
				CLANG_WARN_OBJC_ROOT_CLASS = YES_ERROR;
				CLANG_WARN_QUOTED_INCLUDE_IN_FRAMEWORK_HEADER = YES;
				CLANG_WARN_RANGE_LOOP_ANALYSIS = YES;
				CLANG_WARN_STRICT_PROTOTYPES = YES;
				CLANG_WARN_SUSPICIOUS_MOVE = YES;
				CLANG_WARN_UNGUARDED_AVAILABILITY = YES_AGGRESSIVE;
				CLANG_WARN_UNREACHABLE_CODE = YES;
				CLANG_WARN__DUPLICATE_METHOD_MATCH = YES;
				COPY_PHASE_STRIP = NO;
				DEBUG_INFORMATION_FORMAT = "dwarf-with-dsym";
				ENABLE_NS_ASSERTIONS = NO;
				ENABLE_STRICT_OBJC_MSGSEND = YES;
				GCC_C_LANGUAGE_STANDARD = gnu11;
				GCC_NO_COMMON_BLOCKS = YES;
				GCC_WARN_64_TO_32_BIT_CONVERSION = YES;
				GCC_WARN_ABOUT_RETURN_TYPE = YES_ERROR;
				GCC_WARN_UNDECLARED_SELECTOR = YES;
				GCC_WARN_UNINITIALIZED_AUTOS = YES_AGGRESSIVE;
				GCC_WARN_UNUSED_FUNCTION = YES;
				GCC_WARN_UNUSED_VARIABLE = YES;
				IPHONEOS_DEPLOYMENT_TARGET = 16.2;
				MTL_ENABLE_DEBUG_INFO = NO;
				MTL_FAST_MATH = YES;
				SDKROOT = iphoneos;
				SWIFT_COMPILATION_MODE = wholemodule;
				SWIFT_OPTIMIZATION_LEVEL = "-O";
				VALIDATE_PRODUCT = YES;
			};
			name = Release;
		};
		51CCE8C3299ADDBA00E10367 /* Debug */ = {
			isa = XCBuildConfiguration;
			buildSettings = {
				ASSETCATALOG_COMPILER_APPICON_NAME = AppIcon;
				ASSETCATALOG_COMPILER_GLOBAL_ACCENT_COLOR_NAME = AccentColor;
				CODE_SIGN_STYLE = Automatic;
				CURRENT_PROJECT_VERSION = 1;
				DEVELOPMENT_ASSET_PATHS = "\"NgonarRouting/Preview Content\"";
				DEVELOPMENT_TEAM = 5YF3CW4ZGM;
				ENABLE_PREVIEWS = YES;
				GENERATE_INFOPLIST_FILE = YES;
				INFOPLIST_FILE = NgonarRouting/Info.plist;
				INFOPLIST_KEY_UIApplicationSupportsIndirectInputEvents = YES;
				INFOPLIST_KEY_UILaunchScreen_Generation = YES;
				INFOPLIST_KEY_UISupportedInterfaceOrientations_iPad = "UIInterfaceOrientationPortrait UIInterfaceOrientationPortraitUpsideDown UIInterfaceOrientationLandscapeLeft UIInterfaceOrientationLandscapeRight";
				INFOPLIST_KEY_UISupportedInterfaceOrientations_iPhone = "UIInterfaceOrientationPortrait UIInterfaceOrientationLandscapeLeft UIInterfaceOrientationLandscapeRight";
				LD_RUNPATH_SEARCH_PATHS = (
					"$(inherited)",
					"@executable_path/Frameworks",
				);
				MARKETING_VERSION = 1.0;
				PRODUCT_BUNDLE_IDENTIFIER = com.ngonar.NgonarRouting;
				PRODUCT_NAME = "$(TARGET_NAME)";
				SWIFT_EMIT_LOC_STRINGS = YES;
				SWIFT_VERSION = 5.0;
				TARGETED_DEVICE_FAMILY = "1,2";
			};
			name = Debug;
		};
		51CCE8C4299ADDBA00E10367 /* Release */ = {
			isa = XCBuildConfiguration;
			buildSettings = {
				ASSETCATALOG_COMPILER_APPICON_NAME = AppIcon;
				ASSETCATALOG_COMPILER_GLOBAL_ACCENT_COLOR_NAME = AccentColor;
				CODE_SIGN_STYLE = Automatic;
				CURRENT_PROJECT_VERSION = 1;
				DEVELOPMENT_ASSET_PATHS = "\"NgonarRouting/Preview Content\"";
				DEVELOPMENT_TEAM = 5YF3CW4ZGM;
				ENABLE_PREVIEWS = YES;
				GENERATE_INFOPLIST_FILE = YES;
				INFOPLIST_FILE = NgonarRouting/Info.plist;
				INFOPLIST_KEY_UIApplicationSupportsIndirectInputEvents = YES;
				INFOPLIST_KEY_UILaunchScreen_Generation = YES;
				INFOPLIST_KEY_UISupportedInterfaceOrientations_iPad = "UIInterfaceOrientationPortrait UIInterfaceOrientationPortraitUpsideDown UIInterfaceOrientationLandscapeLeft UIInterfaceOrientationLandscapeRight";
				INFOPLIST_KEY_UISupportedInterfaceOrientations_iPhone = "UIInterfaceOrientationPortrait UIInterfaceOrientationLandscapeLeft UIInterfaceOrientationLandscapeRight";
				LD_RUNPATH_SEARCH_PATHS = (
					"$(inherited)",
					"@executable_path/Frameworks",
				);
				MARKETING_VERSION = 1.0;
				PRODUCT_BUNDLE_IDENTIFIER = com.ngonar.NgonarRouting;
				PRODUCT_NAME = "$(TARGET_NAME)";
				SWIFT_EMIT_LOC_STRINGS = YES;
				SWIFT_VERSION = 5.0;
				TARGETED_DEVICE_FAMILY = "1,2";
			};
			name = Release;
		};
/* End XCBuildConfiguration section */

/* Begin XCConfigurationList section */
		51CCE8AF299ADDB800E10367 /* Build configuration list for PBXProject "NgonarRouting" */ = {
			isa = XCConfigurationList;
			buildConfigurations = (
				51CCE8C0299ADDBA00E10367 /* Debug */,
				51CCE8C1299ADDBA00E10367 /* Release */,
			);
			defaultConfigurationIsVisible = 0;
			defaultConfigurationName = Release;
		};
		51CCE8C2299ADDBA00E10367 /* Build configuration list for PBXNativeTarget "NgonarRouting" */ = {
			isa = XCConfigurationList;
			buildConfigurations = (
				51CCE8C3299ADDBA00E10367 /* Debug */,
				51CCE8C4299ADDBA00E10367 /* Release */,
			);
			defaultConfigurationIsVisible = 0;
			defaultConfigurationName = Release;
		};
/* End XCConfigurationList section */
	};
	rootObject = 51CCE8AC299ADDB800E10367 /* Project object */;
}
